
Microsoft Visual Studio Solution File, Format Version 12.00
# Visual Studio 15
VisualStudioVersion = 15.0.28307.168
MinimumVisualStudioVersion = 10.0.40219.1
Project("{9A19103F-16F7-4668-BE54-9A1E7A4F7556}") = "MilkSupply.Web", "MilkSupply.Web\MilkSupply.Web.csproj", "{3818F8B5-82B5-4EB6-8820-F55C89D165F5}"
EndProject
Project("{9A19103F-16F7-4668-BE54-9A1E7A4F7556}") = "MilkSupply.Data", "MilkSupply.Data\MilkSupply.Data.csproj", "{0CEF8583-F9AC-4F41-B23B-1D1FDC5C7AA7}"
EndProject
Project("{9A19103F-16F7-4668-BE54-9A1E7A4F7556}") = "MilkSupply.Interfaces", "MilkSupply.Interfaces\MilkSupply.Interfaces.csproj", "{CDDDAA21-9C86-4B35-B8D3-D16E0A06EA40}"
EndProject
Project("{9A19103F-16F7-4668-BE54-9A1E7A4F7556}") = "MilkSupply.Services", "MilkSupply.Services\MilkSupply.Services.csproj", "{32306D98-46DD-4784-9D11-1EA9DF187783}"
EndProject
Global
	GlobalSection(SolutionConfigurationPlatforms) = preSolution
		Debug|Any CPU = Debug|Any CPU
		Release|Any CPU = Release|Any CPU
	EndGlobalSection
	GlobalSection(ProjectConfigurationPlatforms) = postSolution
		{3818F8B5-82B5-4EB6-8820-F55C89D165F5}.Debug|Any CPU.ActiveCfg = Debug|Any CPU
		{3818F8B5-82B5-4EB6-8820-F55C89D165F5}.Debug|Any CPU.Build.0 = Debug|Any CPU
		{3818F8B5-82B5-4EB6-8820-F55C89D165F5}.Release|Any CPU.ActiveCfg = Release|Any CPU
		{3818F8B5-82B5-4EB6-8820-F55C89D165F5}.Release|Any CPU.Build.0 = Release|Any CPU
		{0CEF8583-F9AC-4F41-B23B-1D1FDC5C7AA7}.Debug|Any CPU.ActiveCfg = Debug|Any CPU
		{0CEF8583-F9AC-4F41-B23B-1D1FDC5C7AA7}.Debug|Any CPU.Build.0 = Debug|Any CPU
		{0CEF8583-F9AC-4F41-B23B-1D1FDC5C7AA7}.Release|Any CPU.ActiveCfg = Release|Any CPU
		{0CEF8583-F9AC-4F41-B23B-1D1FDC5C7AA7}.Release|Any CPU.Build.0 = Release|Any CPU
		{CDDDAA21-9C86-4B35-B8D3-D16E0A06EA40}.Debug|Any CPU.ActiveCfg = Debug|Any CPU
		{CDDDAA21-9C86-4B35-B8D3-D16E0A06EA40}.Debug|Any CPU.Build.0 = Debug|Any CPU
		{CDDDAA21-9C86-4B35-B8D3-D16E0A06EA40}.Release|Any CPU.ActiveCfg = Release|Any CPU
		{CDDDAA21-9C86-4B35-B8D3-D16E0A06EA40}.Release|Any CPU.Build.0 = Release|Any CPU
		{32306D98-46DD-4784-9D11-1EA9DF187783}.Debug|Any CPU.ActiveCfg = Debug|Any CPU
		{32306D98-46DD-4784-9D11-1EA9DF187783}.Debug|Any CPU.Build.0 = Debug|Any CPU
		{32306D98-46DD-4784-9D11-1EA9DF187783}.Release|Any CPU.ActiveCfg = Release|Any CPU
		{32306D98-46DD-4784-9D11-1EA9DF187783}.Release|Any CPU.Build.0 = Release|Any CPU
	EndGlobalSection
	GlobalSection(SolutionProperties) = preSolution
		HideSolutionNode = FALSE
	EndGlobalSection
	GlobalSection(ExtensibilityGlobals) = postSolution
		SolutionGuid = {54ED5FDA-FAB9-4622-B1EB-2C1AB8AB3550}
	EndGlobalSection
EndGlobal
